
Microsoft Visual Studio Solution File, Format Version 12.00
# Visual Studio Version 16
VisualStudioVersion = 16.0.30804.86
MinimumVisualStudioVersion = 10.0.40219.1
Project("{9A19103F-16F7-4668-BE54-9A1E7A4F7556}") = "Rainsoft.Validations", "Rainsoft.Validations\Rainsoft.Validations.csproj", "{B54AE2CB-8B03-484E-95FE-83FA95DBD36F}"
EndProject
Project("{9A19103F-16F7-4668-BE54-9A1E7A4F7556}") = "ValidationsTests", "ValidationsTests\ValidationsTests.csproj", "{B02C8D66-A8A8-4434-9E49-2A9331D4FB2D}"
EndProject
Project("{FAE04EC0-301F-11D3-BF4B-00C04F79EFBC}") = "Rainsoft.Validations.MSAnnotations", "Rainsoft.Validations.MSAnnotations\Rainsoft.Validations.MSAnnotations.csproj", "{B2C57C8E-5626-4B7A-B235-AE2A4EDB7E33}"
EndProject
Global
	GlobalSection(SolutionConfigurationPlatforms) = preSolution
		Debug|Any CPU = Debug|Any CPU
		Release|Any CPU = Release|Any CPU
	EndGlobalSection
	GlobalSection(ProjectConfigurationPlatforms) = postSolution
		{B54AE2CB-8B03-484E-95FE-83FA95DBD36F}.Debug|Any CPU.ActiveCfg = Debug|Any CPU
		{B54AE2CB-8B03-484E-95FE-83FA95DBD36F}.Debug|Any CPU.Build.0 = Debug|Any CPU
		{B54AE2CB-8B03-484E-95FE-83FA95DBD36F}.Release|Any CPU.ActiveCfg = Release|Any CPU
		{B54AE2CB-8B03-484E-95FE-83FA95DBD36F}.Release|Any CPU.Build.0 = Release|Any CPU
		{B02C8D66-A8A8-4434-9E49-2A9331D4FB2D}.Debug|Any CPU.ActiveCfg = Debug|Any CPU
		{B02C8D66-A8A8-4434-9E49-2A9331D4FB2D}.Debug|Any CPU.Build.0 = Debug|Any CPU
		{B02C8D66-A8A8-4434-9E49-2A9331D4FB2D}.Release|Any CPU.ActiveCfg = Release|Any CPU
		{B02C8D66-A8A8-4434-9E49-2A9331D4FB2D}.Release|Any CPU.Build.0 = Release|Any CPU
		{B2C57C8E-5626-4B7A-B235-AE2A4EDB7E33}.Debug|Any CPU.ActiveCfg = Debug|Any CPU
		{B2C57C8E-5626-4B7A-B235-AE2A4EDB7E33}.Debug|Any CPU.Build.0 = Debug|Any CPU
		{B2C57C8E-5626-4B7A-B235-AE2A4EDB7E33}.Release|Any CPU.ActiveCfg = Release|Any CPU
		{B2C57C8E-5626-4B7A-B235-AE2A4EDB7E33}.Release|Any CPU.Build.0 = Release|Any CPU
	EndGlobalSection
	GlobalSection(SolutionProperties) = preSolution
		HideSolutionNode = FALSE
	EndGlobalSection
	GlobalSection(ExtensibilityGlobals) = postSolution
		SolutionGuid = {C0D504CF-52BF-4964-B50D-0CDF50BC7984}
	EndGlobalSection
EndGlobal
